
Microsoft Visual Studio Solution File, Format Version 12.00
# Visual Studio Version 16
VisualStudioVersion = 16.0.30204.135
MinimumVisualStudioVersion = 10.0.40219.1
Project("{FAE04EC0-301F-11D3-BF4B-00C04F79EFBC}") = "DesktopChat", "DesktopChat\DesktopChat.csproj", "{465EDE4E-F3CC-49D9-B867-5C8D94E40ED5}"
EndProject
Global
	GlobalSection(SolutionConfigurationPlatforms) = preSolution
		Debug|Any CPU = Debug|Any CPU
		Release|Any CPU = Release|Any CPU
	EndGlobalSection
	GlobalSection(ProjectConfigurationPlatforms) = postSolution
		{465EDE4E-F3CC-49D9-B867-5C8D94E40ED5}.Debug|Any CPU.ActiveCfg = Debug|Any CPU
		{465EDE4E-F3CC-49D9-B867-5C8D94E40ED5}.Debug|Any CPU.Build.0 = Debug|Any CPU
		{465EDE4E-F3CC-49D9-B867-5C8D94E40ED5}.Release|Any CPU.ActiveCfg = Release|Any CPU
		{465EDE4E-F3CC-49D9-B867-5C8D94E40ED5}.Release|Any CPU.Build.0 = Release|Any CPU
	EndGlobalSection
	GlobalSection(SolutionProperties) = preSolution
		HideSolutionNode = FALSE
	EndGlobalSection
	GlobalSection(ExtensibilityGlobals) = postSolution
		SolutionGuid = {AAF2CE9A-FF57-4DFB-B362-E3DC342EFE11}
	EndGlobalSection
EndGlobal
